
Microsoft Visual Studio Solution File, Format Version 12.00
# Visual Studio Version 17
VisualStudioVersion = 17.4.33103.184
MinimumVisualStudioVersion = 10.0.40219.1
Project("{FAE04EC0-301F-11D3-BF4B-00C04F79EFBC}") = "ConsoleApp3", "ConsoleApp3\ConsoleApp3.csproj", "{15370116-99D0-40A4-9C84-6DFA1E2A9C1A}"
EndProject
Global
	GlobalSection(SolutionConfigurationPlatforms) = preSolution
		Debug|Any CPU = Debug|Any CPU
		Release|Any CPU = Release|Any CPU
	EndGlobalSection
	GlobalSection(ProjectConfigurationPlatforms) = postSolution
		{15370116-99D0-40A4-9C84-6DFA1E2A9C1A}.Debug|Any CPU.ActiveCfg = Debug|Any CPU
		{15370116-99D0-40A4-9C84-6DFA1E2A9C1A}.Debug|Any CPU.Build.0 = Debug|Any CPU
		{15370116-99D0-40A4-9C84-6DFA1E2A9C1A}.Release|Any CPU.ActiveCfg = Release|Any CPU
		{15370116-99D0-40A4-9C84-6DFA1E2A9C1A}.Release|Any CPU.Build.0 = Release|Any CPU
	EndGlobalSection
	GlobalSection(SolutionProperties) = preSolution
		HideSolutionNode = FALSE
	EndGlobalSection
	GlobalSection(ExtensibilityGlobals) = postSolution
		SolutionGuid = {7636852F-5BBB-4AF8-BE35-09AA7A468A52}
	EndGlobalSection
EndGlobal
